
Microsoft Visual Studio Solution File, Format Version 12.00
# Visual Studio Version 16
VisualStudioVersion = 16.0.30503.244
MinimumVisualStudioVersion = 10.0.40219.1
Project("{FAE04EC0-301F-11D3-BF4B-00C04F79EFBC}") = "DeviceApp", "DeviceApp\DeviceApp.csproj", "{2FF064B1-3477-466A-A6BA-3FEFD6DE5AC8}"
EndProject
Project("{FAE04EC0-301F-11D3-BF4B-00C04F79EFBC}") = "ServiceApp", "ServiceApp\ServiceApp.csproj", "{DA5E9C62-2720-40D3-9782-CEF5526C1166}"
EndProject
Project("{FAE04EC0-301F-11D3-BF4B-00C04F79EFBC}") = "DeviceApp.Tests", "DeviceApp.Tests\DeviceApp.Tests.csproj", "{EC3EEE3D-BEC0-48D3-AA7F-89CD6C74287B}"
EndProject
Project("{FAE04EC0-301F-11D3-BF4B-00C04F79EFBC}") = "ServiceApp.Tests", "ServiceApp.Tests\ServiceApp.Tests.csproj", "{1C324A20-D798-48A6-BC49-0969F0B81FD0}"
EndProject
Project("{FAE04EC0-301F-11D3-BF4B-00C04F79EFBC}") = "SharedLibrary", "SharedLibrary\SharedLibrary.csproj", "{431D0FF1-460F-4901-9F1E-015A6E1F8075}"
EndProject
Global
	GlobalSection(SolutionConfigurationPlatforms) = preSolution
		Debug|Any CPU = Debug|Any CPU
		Release|Any CPU = Release|Any CPU
	EndGlobalSection
	GlobalSection(ProjectConfigurationPlatforms) = postSolution
		{2FF064B1-3477-466A-A6BA-3FEFD6DE5AC8}.Debug|Any CPU.ActiveCfg = Debug|Any CPU
		{2FF064B1-3477-466A-A6BA-3FEFD6DE5AC8}.Debug|Any CPU.Build.0 = Debug|Any CPU
		{2FF064B1-3477-466A-A6BA-3FEFD6DE5AC8}.Release|Any CPU.ActiveCfg = Release|Any CPU
		{2FF064B1-3477-466A-A6BA-3FEFD6DE5AC8}.Release|Any CPU.Build.0 = Release|Any CPU
		{DA5E9C62-2720-40D3-9782-CEF5526C1166}.Debug|Any CPU.ActiveCfg = Debug|Any CPU
		{DA5E9C62-2720-40D3-9782-CEF5526C1166}.Debug|Any CPU.Build.0 = Debug|Any CPU
		{DA5E9C62-2720-40D3-9782-CEF5526C1166}.Release|Any CPU.ActiveCfg = Release|Any CPU
		{DA5E9C62-2720-40D3-9782-CEF5526C1166}.Release|Any CPU.Build.0 = Release|Any CPU
		{EC3EEE3D-BEC0-48D3-AA7F-89CD6C74287B}.Debug|Any CPU.ActiveCfg = Debug|Any CPU
		{EC3EEE3D-BEC0-48D3-AA7F-89CD6C74287B}.Debug|Any CPU.Build.0 = Debug|Any CPU
		{EC3EEE3D-BEC0-48D3-AA7F-89CD6C74287B}.Release|Any CPU.ActiveCfg = Release|Any CPU
		{EC3EEE3D-BEC0-48D3-AA7F-89CD6C74287B}.Release|Any CPU.Build.0 = Release|Any CPU
		{1C324A20-D798-48A6-BC49-0969F0B81FD0}.Debug|Any CPU.ActiveCfg = Debug|Any CPU
		{1C324A20-D798-48A6-BC49-0969F0B81FD0}.Debug|Any CPU.Build.0 = Debug|Any CPU
		{1C324A20-D798-48A6-BC49-0969F0B81FD0}.Release|Any CPU.ActiveCfg = Release|Any CPU
		{1C324A20-D798-48A6-BC49-0969F0B81FD0}.Release|Any CPU.Build.0 = Release|Any CPU
		{431D0FF1-460F-4901-9F1E-015A6E1F8075}.Debug|Any CPU.ActiveCfg = Debug|Any CPU
		{431D0FF1-460F-4901-9F1E-015A6E1F8075}.Debug|Any CPU.Build.0 = Debug|Any CPU
		{431D0FF1-460F-4901-9F1E-015A6E1F8075}.Release|Any CPU.ActiveCfg = Release|Any CPU
		{431D0FF1-460F-4901-9F1E-015A6E1F8075}.Release|Any CPU.Build.0 = Release|Any CPU
	EndGlobalSection
	GlobalSection(SolutionProperties) = preSolution
		HideSolutionNode = FALSE
	EndGlobalSection
	GlobalSection(ExtensibilityGlobals) = postSolution
		SolutionGuid = {98FF8D94-9E40-4450-97C7-96CAE2DE9784}
	EndGlobalSection
EndGlobal
